
Microsoft Visual Studio Solution File, Format Version 12.00
# Visual Studio Version 16
VisualStudioVersion = 16.0.31424.327
MinimumVisualStudioVersion = 10.0.40219.1
Project("{FAE04EC0-301F-11D3-BF4B-00C04F79EFBC}") = "InternetIndicator", "InternetIndicator\InternetIndicator.csproj", "{50244365-590A-49DC-8D5C-45F019714439}"
EndProject
Global
	GlobalSection(SolutionConfigurationPlatforms) = preSolution
		Debug|Any CPU = Debug|Any CPU
		Release|Any CPU = Release|Any CPU
	EndGlobalSection
	GlobalSection(ProjectConfigurationPlatforms) = postSolution
		{50244365-590A-49DC-8D5C-45F019714439}.Debug|Any CPU.ActiveCfg = Debug|Any CPU
		{50244365-590A-49DC-8D5C-45F019714439}.Debug|Any CPU.Build.0 = Debug|Any CPU
		{50244365-590A-49DC-8D5C-45F019714439}.Release|Any CPU.ActiveCfg = Release|Any CPU
		{50244365-590A-49DC-8D5C-45F019714439}.Release|Any CPU.Build.0 = Release|Any CPU
	EndGlobalSection
	GlobalSection(SolutionProperties) = preSolution
		HideSolutionNode = FALSE
	EndGlobalSection
	GlobalSection(ExtensibilityGlobals) = postSolution
		SolutionGuid = {387C1806-D035-4F96-8A7A-C3CD05D831E4}
	EndGlobalSection
EndGlobal
